
Microsoft Visual Studio Solution File, Format Version 12.00
# Visual Studio 15
VisualStudioVersion = 15.0.28307.572
MinimumVisualStudioVersion = 10.0.40219.1
Project("{8BC9CEB8-8B4A-11D0-8D11-00A0C91BC942}") = "LR05", "LR05\LR05.vcxproj", "{8BF03490-B827-4DB5-AB9D-FC324F75349B}"
EndProject
Global
	GlobalSection(SolutionConfigurationPlatforms) = preSolution
		Debug|x64 = Debug|x64
		Debug|x86 = Debug|x86
		Release|x64 = Release|x64
		Release|x86 = Release|x86
	EndGlobalSection
	GlobalSection(ProjectConfigurationPlatforms) = postSolution
		{8BF03490-B827-4DB5-AB9D-FC324F75349B}.Debug|x64.ActiveCfg = Debug|x64
		{8BF03490-B827-4DB5-AB9D-FC324F75349B}.Debug|x64.Build.0 = Debug|x64
		{8BF03490-B827-4DB5-AB9D-FC324F75349B}.Debug|x86.ActiveCfg = Debug|Win32
		{8BF03490-B827-4DB5-AB9D-FC324F75349B}.Debug|x86.Build.0 = Debug|Win32
		{8BF03490-B827-4DB5-AB9D-FC324F75349B}.Release|x64.ActiveCfg = Release|x64
		{8BF03490-B827-4DB5-AB9D-FC324F75349B}.Release|x64.Build.0 = Release|x64
		{8BF03490-B827-4DB5-AB9D-FC324F75349B}.Release|x86.ActiveCfg = Release|Win32
		{8BF03490-B827-4DB5-AB9D-FC324F75349B}.Release|x86.Build.0 = Release|Win32
	EndGlobalSection
	GlobalSection(SolutionProperties) = preSolution
		HideSolutionNode = FALSE
	EndGlobalSection
	GlobalSection(ExtensibilityGlobals) = postSolution
		SolutionGuid = {A5A02FDB-DD78-45F8-83D0-57D0993E39F5}
	EndGlobalSection
EndGlobal
